# This file is automatically @generated by Cargo.
# It is not intended for manual editing.
version = 4

[[package]]
name = "mmh3"
version = "0.1.0"
dependencies = [
 "mmh3-core",
 "mmh3-cuda",
]

[[package]]
name = "mmh3-core"
version = "0.1.0"

[[package]]
name = "mmh3-cpu"
version = "0.1.0"
dependencies = [
 "mmh3-core",
]

[[package]]
name = "mmh3-cuda"
version = "0.1.0"
dependencies = [
 "mmh3-core",
 "mmh3-cpu",
]
